
Microsoft Visual Studio Solution File, Format Version 12.00
# Visual Studio Express 2013 for Web
VisualStudioVersion = 12.0.31101.0
MinimumVisualStudioVersion = 10.0.40219.1
Project("{2150E333-8FDC-42A3-9474-1A3956D46DE8}") = "01Presentation", "01Presentation", "{3956DDEE-12D0-4FFE-B1F9-3D630744F80D}"
EndProject
Project("{2150E333-8FDC-42A3-9474-1A3956D46DE8}") = "02Buisness", "02Buisness", "{D30A0F63-417C-4978-8FE7-04EB3DA67ABE}"
EndProject
Project("{2150E333-8FDC-42A3-9474-1A3956D46DE8}") = "03Infrastructure", "03Infrastructure", "{2627B9A9-0CE1-47EC-A80F-A32512EFC25E}"
EndProject
Project("{2150E333-8FDC-42A3-9474-1A3956D46DE8}") = "04API", "04API", "{D676ED35-D927-4D0F-A05B-91E28657C833}"
EndProject
Project("{2150E333-8FDC-42A3-9474-1A3956D46DE8}") = "05Tests", "05Tests", "{AE92BF19-67D4-4C4F-969B-993EFB45FB16}"
EndProject
Project("{FAE04EC0-301F-11D3-BF4B-00C04F79EFBC}") = "MCMD.ViewModel", "MCMD.ViewModel\MCMD.ViewModel.csproj", "{0E22A79B-3917-400E-A522-912828DD9AED}"
EndProject
Project("{FAE04EC0-301F-11D3-BF4B-00C04F79EFBC}") = "MCMD.EntityModel", "MCMD.EntityModel\MCMD.EntityModel.csproj", "{624DE113-0690-4981-9F76-AF194DC84A16}"
EndProject
Project("{FAE04EC0-301F-11D3-BF4B-00C04F79EFBC}") = "MCMD.ModelRepositiry.Interface", "MCMD.ModelRepositiry.Interface\MCMD.ModelRepositiry.Interface.csproj", "{C2D99008-71BD-4894-B506-E4681A46C689}"
EndProject
Project("{FAE04EC0-301F-11D3-BF4B-00C04F79EFBC}") = "MCMD.DependencyResolution", "MCMD.DependencyResolution\MCMD.DependencyResolution.csproj", "{A14DF8E6-AC7D-44D0-BC5D-4B1B49C812D1}"
EndProject
Project("{FAE04EC0-301F-11D3-BF4B-00C04F79EFBC}") = "MCMD.ErrorLogging", "MCMD.ErrorLogging\MCMD.ErrorLogging.csproj", "{2154748E-45A8-41A9-A711-2EC610210B36}"
EndProject
Project("{FAE04EC0-301F-11D3-BF4B-00C04F79EFBC}") = "MCMD.ModelRepository", "MCMD.ModelRepository\MCMD.ModelRepository.csproj", "{4C5758BE-2A6C-4B6F-850E-55B523266E55}"
EndProject
Project("{FAE04EC0-301F-11D3-BF4B-00C04F79EFBC}") = "MCMD.ApiModel", "MCMD.ApiModel\MCMD.ApiModel.csproj", "{E799C66A-1B1A-4BC4-B2C7-4A644B3178E8}"
EndProject
Project("{FAE04EC0-301F-11D3-BF4B-00C04F79EFBC}") = "MCMD.ApiService", "MCMD.ApiService\MCMD.ApiService.csproj", "{FF6FB250-2434-498A-A835-2B7041A30D31}"
EndProject
Project("{FAE04EC0-301F-11D3-BF4B-00C04F79EFBC}") = "MCMD.Web", "MCMD.Web\MCMD.Web.csproj", "{D453B963-9AE0-4987-B456-282A09E1B6A6}"
EndProject
Project("{FAE04EC0-301F-11D3-BF4B-00C04F79EFBC}") = "MCMD.Web.Tests", "MCMD.Web.Tests\MCMD.Web.Tests.csproj", "{0E86D8CA-257E-49D5-9623-69A495A9B27E}"
EndProject
Global
	GlobalSection(SolutionConfigurationPlatforms) = preSolution
		Debug|Any CPU = Debug|Any CPU
		Release|Any CPU = Release|Any CPU
	EndGlobalSection
	GlobalSection(ProjectConfigurationPlatforms) = postSolution
		{0E22A79B-3917-400E-A522-912828DD9AED}.Debug|Any CPU.ActiveCfg = Debug|Any CPU
		{0E22A79B-3917-400E-A522-912828DD9AED}.Debug|Any CPU.Build.0 = Debug|Any CPU
		{0E22A79B-3917-400E-A522-912828DD9AED}.Release|Any CPU.ActiveCfg = Release|Any CPU
		{0E22A79B-3917-400E-A522-912828DD9AED}.Release|Any CPU.Build.0 = Release|Any CPU
		{624DE113-0690-4981-9F76-AF194DC84A16}.Debug|Any CPU.ActiveCfg = Debug|Any CPU
		{624DE113-0690-4981-9F76-AF194DC84A16}.Debug|Any CPU.Build.0 = Debug|Any CPU
		{624DE113-0690-4981-9F76-AF194DC84A16}.Release|Any CPU.ActiveCfg = Release|Any CPU
		{624DE113-0690-4981-9F76-AF194DC84A16}.Release|Any CPU.Build.0 = Release|Any CPU
		{C2D99008-71BD-4894-B506-E4681A46C689}.Debug|Any CPU.ActiveCfg = Debug|Any CPU
		{C2D99008-71BD-4894-B506-E4681A46C689}.Debug|Any CPU.Build.0 = Debug|Any CPU
		{C2D99008-71BD-4894-B506-E4681A46C689}.Release|Any CPU.ActiveCfg = Release|Any CPU
		{C2D99008-71BD-4894-B506-E4681A46C689}.Release|Any CPU.Build.0 = Release|Any CPU
		{A14DF8E6-AC7D-44D0-BC5D-4B1B49C812D1}.Debug|Any CPU.ActiveCfg = Debug|Any CPU
		{A14DF8E6-AC7D-44D0-BC5D-4B1B49C812D1}.Debug|Any CPU.Build.0 = Debug|Any CPU
		{A14DF8E6-AC7D-44D0-BC5D-4B1B49C812D1}.Release|Any CPU.ActiveCfg = Release|Any CPU
		{A14DF8E6-AC7D-44D0-BC5D-4B1B49C812D1}.Release|Any CPU.Build.0 = Release|Any CPU
		{2154748E-45A8-41A9-A711-2EC610210B36}.Debug|Any CPU.ActiveCfg = Debug|Any CPU
		{2154748E-45A8-41A9-A711-2EC610210B36}.Debug|Any CPU.Build.0 = Debug|Any CPU
		{2154748E-45A8-41A9-A711-2EC610210B36}.Release|Any CPU.ActiveCfg = Release|Any CPU
		{2154748E-45A8-41A9-A711-2EC610210B36}.Release|Any CPU.Build.0 = Release|Any CPU
		{4C5758BE-2A6C-4B6F-850E-55B523266E55}.Debug|Any CPU.ActiveCfg = Debug|Any CPU
		{4C5758BE-2A6C-4B6F-850E-55B523266E55}.Debug|Any CPU.Build.0 = Debug|Any CPU
		{4C5758BE-2A6C-4B6F-850E-55B523266E55}.Release|Any CPU.ActiveCfg = Release|Any CPU
		{4C5758BE-2A6C-4B6F-850E-55B523266E55}.Release|Any CPU.Build.0 = Release|Any CPU
		{E799C66A-1B1A-4BC4-B2C7-4A644B3178E8}.Debug|Any CPU.ActiveCfg = Debug|Any CPU
		{E799C66A-1B1A-4BC4-B2C7-4A644B3178E8}.Debug|Any CPU.Build.0 = Debug|Any CPU
		{E799C66A-1B1A-4BC4-B2C7-4A644B3178E8}.Release|Any CPU.ActiveCfg = Release|Any CPU
		{E799C66A-1B1A-4BC4-B2C7-4A644B3178E8}.Release|Any CPU.Build.0 = Release|Any CPU
		{FF6FB250-2434-498A-A835-2B7041A30D31}.Debug|Any CPU.ActiveCfg = Debug|Any CPU
		{FF6FB250-2434-498A-A835-2B7041A30D31}.Debug|Any CPU.Build.0 = Debug|Any CPU
		{FF6FB250-2434-498A-A835-2B7041A30D31}.Release|Any CPU.ActiveCfg = Release|Any CPU
		{FF6FB250-2434-498A-A835-2B7041A30D31}.Release|Any CPU.Build.0 = Release|Any CPU
		{D453B963-9AE0-4987-B456-282A09E1B6A6}.Debug|Any CPU.ActiveCfg = Debug|Any CPU
		{D453B963-9AE0-4987-B456-282A09E1B6A6}.Debug|Any CPU.Build.0 = Debug|Any CPU
		{D453B963-9AE0-4987-B456-282A09E1B6A6}.Release|Any CPU.ActiveCfg = Release|Any CPU
		{D453B963-9AE0-4987-B456-282A09E1B6A6}.Release|Any CPU.Build.0 = Release|Any CPU
		{0E86D8CA-257E-49D5-9623-69A495A9B27E}.Debug|Any CPU.ActiveCfg = Debug|Any CPU
		{0E86D8CA-257E-49D5-9623-69A495A9B27E}.Debug|Any CPU.Build.0 = Debug|Any CPU
		{0E86D8CA-257E-49D5-9623-69A495A9B27E}.Release|Any CPU.ActiveCfg = Release|Any CPU
		{0E86D8CA-257E-49D5-9623-69A495A9B27E}.Release|Any CPU.Build.0 = Release|Any CPU
	EndGlobalSection
	GlobalSection(SolutionProperties) = preSolution
		HideSolutionNode = FALSE
	EndGlobalSection
	GlobalSection(NestedProjects) = preSolution
		{0E22A79B-3917-400E-A522-912828DD9AED} = {3956DDEE-12D0-4FFE-B1F9-3D630744F80D}
		{624DE113-0690-4981-9F76-AF194DC84A16} = {D30A0F63-417C-4978-8FE7-04EB3DA67ABE}
		{C2D99008-71BD-4894-B506-E4681A46C689} = {D30A0F63-417C-4978-8FE7-04EB3DA67ABE}
		{A14DF8E6-AC7D-44D0-BC5D-4B1B49C812D1} = {2627B9A9-0CE1-47EC-A80F-A32512EFC25E}
		{2154748E-45A8-41A9-A711-2EC610210B36} = {2627B9A9-0CE1-47EC-A80F-A32512EFC25E}
		{4C5758BE-2A6C-4B6F-850E-55B523266E55} = {2627B9A9-0CE1-47EC-A80F-A32512EFC25E}
		{E799C66A-1B1A-4BC4-B2C7-4A644B3178E8} = {D676ED35-D927-4D0F-A05B-91E28657C833}
		{FF6FB250-2434-498A-A835-2B7041A30D31} = {D676ED35-D927-4D0F-A05B-91E28657C833}
		{D453B963-9AE0-4987-B456-282A09E1B6A6} = {3956DDEE-12D0-4FFE-B1F9-3D630744F80D}
		{0E86D8CA-257E-49D5-9623-69A495A9B27E} = {AE92BF19-67D4-4C4F-969B-993EFB45FB16}
	EndGlobalSection
EndGlobal
